// !$*UTF8*$!
{
	archiveVersion = 1;
	classes = {
	};
	objectVersion = 55;
	objects = {

/* Begin PBXBuildFile section */
		154E032CD4C91A15010DAF9D /* Pods_Pokemon.framework in Frameworks */ = {isa = PBXBuildFile; fileRef = EDABC0B8AD52007FBB92FE54 /* Pods_Pokemon.framework */; };
		3A40F21328A2DAE800872C55 /* AppDelegate.swift in Sources */ = {isa = PBXBuildFile; fileRef = 3A40F21228A2DAE800872C55 /* AppDelegate.swift */; };
		3A40F21528A2DAE800872C55 /* SceneDelegate.swift in Sources */ = {isa = PBXBuildFile; fileRef = 3A40F21428A2DAE800872C55 /* SceneDelegate.swift */; };
		3A40F21728A2DAE800872C55 /* MainViewController.swift in Sources */ = {isa = PBXBuildFile; fileRef = 3A40F21628A2DAE800872C55 /* MainViewController.swift */; };
		3A40F21A28A2DAE800872C55 /* Main.storyboard in Resources */ = {isa = PBXBuildFile; fileRef = 3A40F21828A2DAE800872C55 /* Main.storyboard */; };
		3A40F21C28A2DAE900872C55 /* Assets.xcassets in Resources */ = {isa = PBXBuildFile; fileRef = 3A40F21B28A2DAE900872C55 /* Assets.xcassets */; };
		3A40F21F28A2DAE900872C55 /* LaunchScreen.storyboard in Resources */ = {isa = PBXBuildFile; fileRef = 3A40F21D28A2DAE900872C55 /* LaunchScreen.storyboard */; };
		3A40F22A28A2DF7C00872C55 /* MainViewModel.swift in Sources */ = {isa = PBXBuildFile; fileRef = 3A40F22928A2DF7C00872C55 /* MainViewModel.swift */; };
		3A40F22D28A30E3B00872C55 /* Strings.swift in Sources */ = {isa = PBXBuildFile; fileRef = 3A40F22C28A30E3B00872C55 /* Strings.swift */; };
		3A40F22F28A30EC500872C55 /* ThreadHandler.swift in Sources */ = {isa = PBXBuildFile; fileRef = 3A40F22E28A30EC500872C55 /* ThreadHandler.swift */; };
		3A40F23128A30EE700872C55 /* Array+Extensions.swift in Sources */ = {isa = PBXBuildFile; fileRef = 3A40F23028A30EE700872C55 /* Array+Extensions.swift */; };
		3A40F23C28A30FC800872C55 /* PokemonResponse.swift in Sources */ = {isa = PBXBuildFile; fileRef = 3A40F23B28A30FC800872C55 /* PokemonResponse.swift */; };
		3A40F24028A3187900872C55 /* Pokemon.swift in Sources */ = {isa = PBXBuildFile; fileRef = 3A40F23F28A3187900872C55 /* Pokemon.swift */; };
		3A40F24228A319E400872C55 /* DomainPokemonRepository.swift in Sources */ = {isa = PBXBuildFile; fileRef = 3A40F24128A319E400872C55 /* DomainPokemonRepository.swift */; };
		3A40F24428A31A5400872C55 /* GetPokemonUseCase.swift in Sources */ = {isa = PBXBuildFile; fileRef = 3A40F24328A31A5400872C55 /* GetPokemonUseCase.swift */; };
		3A40F24828A31BFE00872C55 /* DomainDependenciesInjector.swift in Sources */ = {isa = PBXBuildFile; fileRef = 3A40F24728A31BFE00872C55 /* DomainDependenciesInjector.swift */; };
		3A40F24A28A31C6C00872C55 /* InfrastructureDependenciesInjector.swift in Sources */ = {isa = PBXBuildFile; fileRef = 3A40F24928A31C6C00872C55 /* InfrastructureDependenciesInjector.swift */; };
		3A40F24C28A31CE600872C55 /* PokemonDataProvider.swift in Sources */ = {isa = PBXBuildFile; fileRef = 3A40F24B28A31CE600872C55 /* PokemonDataProvider.swift */; };
		3A40F24E28A31FE500872C55 /* InfraestructurePokemonRepository.swift in Sources */ = {isa = PBXBuildFile; fileRef = 3A40F24D28A31FE500872C55 /* InfraestructurePokemonRepository.swift */; };
		3A40F25028A321D800872C55 /* PokemonMapper.swift in Sources */ = {isa = PBXBuildFile; fileRef = 3A40F24F28A321D800872C55 /* PokemonMapper.swift */; };
		3A40F25528A4148200872C55 /* DetailsViewController.swift in Sources */ = {isa = PBXBuildFile; fileRef = 3A40F25428A4148200872C55 /* DetailsViewController.swift */; };
		3A40F25728A4148D00872C55 /* DetailsViewModel.swift in Sources */ = {isa = PBXBuildFile; fileRef = 3A40F25628A4148D00872C55 /* DetailsViewModel.swift */; };
		3A40F25A28A4275F00872C55 /* DetailsDataSource.swift in Sources */ = {isa = PBXBuildFile; fileRef = 3A40F25928A4275F00872C55 /* DetailsDataSource.swift */; };
		3A40F25C28A42C5200872C55 /* ImageManager.swift in Sources */ = {isa = PBXBuildFile; fileRef = 3A40F25B28A42C5200872C55 /* ImageManager.swift */; };
		3A40F25E28A45D2900872C55 /* Types.swift in Sources */ = {isa = PBXBuildFile; fileRef = 3A40F25D28A45D2900872C55 /* Types.swift */; };
		3A40F26028A4690300872C55 /* Abilities.swift in Sources */ = {isa = PBXBuildFile; fileRef = 3A40F25F28A4690300872C55 /* Abilities.swift */; };
		3A40F26328A4FE3900872C55 /* SectionHeaderView.swift in Sources */ = {isa = PBXBuildFile; fileRef = 3A40F26228A4FE3900872C55 /* SectionHeaderView.swift */; };
		3A40F26528A4FE5500872C55 /* SectionHeaderView.xib in Resources */ = {isa = PBXBuildFile; fileRef = 3A40F26428A4FE5500872C55 /* SectionHeaderView.xib */; };
		3A40F26828A5212600872C55 /* CustomTableViewCell.swift in Sources */ = {isa = PBXBuildFile; fileRef = 3A40F26628A5212600872C55 /* CustomTableViewCell.swift */; };
		3A40F26928A5212600872C55 /* CustomTableViewCell.xib in Resources */ = {isa = PBXBuildFile; fileRef = 3A40F26728A5212600872C55 /* CustomTableViewCell.xib */; };
		3A40F27528A548BD00872C55 /* PokemonTests.swift in Sources */ = {isa = PBXBuildFile; fileRef = 3A40F27428A548BD00872C55 /* PokemonTests.swift */; };
		3A40F27F28A5491B00872C55 /* MainViewControllerTests.swift in Sources */ = {isa = PBXBuildFile; fileRef = 3A40F27E28A5491B00872C55 /* MainViewControllerTests.swift */; };
		3A40F28228A5514400872C55 /* MainViewModelTests.swift in Sources */ = {isa = PBXBuildFile; fileRef = 3A40F28128A5514400872C55 /* MainViewModelTests.swift */; };
		3A40F28828A5541C00872C55 /* ImageManagerTests.swift in Sources */ = {isa = PBXBuildFile; fileRef = 3A40F28728A5541B00872C55 /* ImageManagerTests.swift */; };
		3A40F28A28A571A900872C55 /* DetailsViewControllerTests.swift in Sources */ = {isa = PBXBuildFile; fileRef = 3A40F28928A571A900872C55 /* DetailsViewControllerTests.swift */; };
		3A40F28C28A572F200872C55 /* Moves.swift in Sources */ = {isa = PBXBuildFile; fileRef = 3A40F28B28A572F200872C55 /* Moves.swift */; };
		3A40F28F28A5834D00872C55 /* PokemonDataProviderTests.swift in Sources */ = {isa = PBXBuildFile; fileRef = 3A40F28E28A5834D00872C55 /* PokemonDataProviderTests.swift */; };
		3A40F29128A5854F00872C55 /* Stats.swift in Sources */ = {isa = PBXBuildFile; fileRef = 3A40F29028A5854F00872C55 /* Stats.swift */; };
		3A9505B728A3AC10002240D5 /* Sprites.swift in Sources */ = {isa = PBXBuildFile; fileRef = 3A9505B628A3AC10002240D5 /* Sprites.swift */; };
		3A9505B928A3ACC7002240D5 /* Other.swift in Sources */ = {isa = PBXBuildFile; fileRef = 3A9505B828A3ACC7002240D5 /* Other.swift */; };
		5B55CD19C8A1484BE57FF55F /* Pods_PokemonTests.framework in Frameworks */ = {isa = PBXBuildFile; fileRef = A35385C42A35EBC03E5C0813 /* Pods_PokemonTests.framework */; };
/* End PBXBuildFile section */

/* Begin PBXContainerItemProxy section */
		3A40F27628A548BD00872C55 /* PBXContainerItemProxy */ = {
			isa = PBXContainerItemProxy;
			containerPortal = 3A40F20728A2DAE800872C55 /* Project object */;
			proxyType = 1;
			remoteGlobalIDString = 3A40F20E28A2DAE800872C55;
			remoteInfo = Pokemon;
		};
/* End PBXContainerItemProxy section */

/* Begin PBXFileReference section */
		39B3D4677BECF5EBA880DD99 /* Pods-PokemonTests.release.xcconfig */ = {isa = PBXFileReference; includeInIndex = 1; lastKnownFileType = text.xcconfig; name = "Pods-PokemonTests.release.xcconfig"; path = "Target Support Files/Pods-PokemonTests/Pods-PokemonTests.release.xcconfig"; sourceTree = "<group>"; };
		3A40F20F28A2DAE800872C55 /* Pokemon.app */ = {isa = PBXFileReference; explicitFileType = wrapper.application; includeInIndex = 0; path = Pokemon.app; sourceTree = BUILT_PRODUCTS_DIR; };
		3A40F21228A2DAE800872C55 /* AppDelegate.swift */ = {isa = PBXFileReference; lastKnownFileType = sourcecode.swift; path = AppDelegate.swift; sourceTree = "<group>"; };
		3A40F21428A2DAE800872C55 /* SceneDelegate.swift */ = {isa = PBXFileReference; lastKnownFileType = sourcecode.swift; path = SceneDelegate.swift; sourceTree = "<group>"; };
		3A40F21628A2DAE800872C55 /* MainViewController.swift */ = {isa = PBXFileReference; lastKnownFileType = sourcecode.swift; path = MainViewController.swift; sourceTree = "<group>"; };
		3A40F21928A2DAE800872C55 /* Base */ = {isa = PBXFileReference; lastKnownFileType = file.storyboard; name = Base; path = Base.lproj/Main.storyboard; sourceTree = "<group>"; };
		3A40F21B28A2DAE900872C55 /* Assets.xcassets */ = {isa = PBXFileReference; lastKnownFileType = folder.assetcatalog; path = Assets.xcassets; sourceTree = "<group>"; };
		3A40F21E28A2DAE900872C55 /* Base */ = {isa = PBXFileReference; lastKnownFileType = file.storyboard; name = Base; path = Base.lproj/LaunchScreen.storyboard; sourceTree = "<group>"; };
		3A40F22028A2DAE900872C55 /* Info.plist */ = {isa = PBXFileReference; lastKnownFileType = text.plist.xml; path = Info.plist; sourceTree = "<group>"; };
		3A40F22928A2DF7C00872C55 /* MainViewModel.swift */ = {isa = PBXFileReference; lastKnownFileType = sourcecode.swift; path = MainViewModel.swift; sourceTree = "<group>"; };
		3A40F22C28A30E3B00872C55 /* Strings.swift */ = {isa = PBXFileReference; lastKnownFileType = sourcecode.swift; path = Strings.swift; sourceTree = "<group>"; };
		3A40F22E28A30EC500872C55 /* ThreadHandler.swift */ = {isa = PBXFileReference; lastKnownFileType = sourcecode.swift; path = ThreadHandler.swift; sourceTree = "<group>"; };
		3A40F23028A30EE700872C55 /* Array+Extensions.swift */ = {isa = PBXFileReference; lastKnownFileType = sourcecode.swift; path = "Array+Extensions.swift"; sourceTree = "<group>"; };
		3A40F23B28A30FC800872C55 /* PokemonResponse.swift */ = {isa = PBXFileReference; lastKnownFileType = sourcecode.swift; path = PokemonResponse.swift; sourceTree = "<group>"; };
		3A40F23F28A3187900872C55 /* Pokemon.swift */ = {isa = PBXFileReference; lastKnownFileType = sourcecode.swift; path = Pokemon.swift; sourceTree = "<group>"; };
		3A40F24128A319E400872C55 /* DomainPokemonRepository.swift */ = {isa = PBXFileReference; lastKnownFileType = sourcecode.swift; path = DomainPokemonRepository.swift; sourceTree = "<group>"; };
		3A40F24328A31A5400872C55 /* GetPokemonUseCase.swift */ = {isa = PBXFileReference; lastKnownFileType = sourcecode.swift; path = GetPokemonUseCase.swift; sourceTree = "<group>"; };
		3A40F24728A31BFE00872C55 /* DomainDependenciesInjector.swift */ = {isa = PBXFileReference; lastKnownFileType = sourcecode.swift; path = DomainDependenciesInjector.swift; sourceTree = "<group>"; };
		3A40F24928A31C6C00872C55 /* InfrastructureDependenciesInjector.swift */ = {isa = PBXFileReference; lastKnownFileType = sourcecode.swift; path = InfrastructureDependenciesInjector.swift; sourceTree = "<group>"; };
		3A40F24B28A31CE600872C55 /* PokemonDataProvider.swift */ = {isa = PBXFileReference; lastKnownFileType = sourcecode.swift; path = PokemonDataProvider.swift; sourceTree = "<group>"; };
		3A40F24D28A31FE500872C55 /* InfraestructurePokemonRepository.swift */ = {isa = PBXFileReference; lastKnownFileType = sourcecode.swift; path = InfraestructurePokemonRepository.swift; sourceTree = "<group>"; };
		3A40F24F28A321D800872C55 /* PokemonMapper.swift */ = {isa = PBXFileReference; lastKnownFileType = sourcecode.swift; path = PokemonMapper.swift; sourceTree = "<group>"; };
		3A40F25428A4148200872C55 /* DetailsViewController.swift */ = {isa = PBXFileReference; lastKnownFileType = sourcecode.swift; path = DetailsViewController.swift; sourceTree = "<group>"; };
		3A40F25628A4148D00872C55 /* DetailsViewModel.swift */ = {isa = PBXFileReference; lastKnownFileType = sourcecode.swift; path = DetailsViewModel.swift; sourceTree = "<group>"; };
		3A40F25928A4275F00872C55 /* DetailsDataSource.swift */ = {isa = PBXFileReference; lastKnownFileType = sourcecode.swift; path = DetailsDataSource.swift; sourceTree = "<group>"; };
		3A40F25B28A42C5200872C55 /* ImageManager.swift */ = {isa = PBXFileReference; lastKnownFileType = sourcecode.swift; path = ImageManager.swift; sourceTree = "<group>"; };
		3A40F25D28A45D2900872C55 /* Types.swift */ = {isa = PBXFileReference; lastKnownFileType = sourcecode.swift; path = Types.swift; sourceTree = "<group>"; };
		3A40F25F28A4690300872C55 /* Abilities.swift */ = {isa = PBXFileReference; lastKnownFileType = sourcecode.swift; path = Abilities.swift; sourceTree = "<group>"; };
		3A40F26228A4FE3900872C55 /* SectionHeaderView.swift */ = {isa = PBXFileReference; lastKnownFileType = sourcecode.swift; path = SectionHeaderView.swift; sourceTree = "<group>"; };
		3A40F26428A4FE5500872C55 /* SectionHeaderView.xib */ = {isa = PBXFileReference; lastKnownFileType = file.xib; path = SectionHeaderView.xib; sourceTree = "<group>"; };
		3A40F26628A5212600872C55 /* CustomTableViewCell.swift */ = {isa = PBXFileReference; lastKnownFileType = sourcecode.swift; path = CustomTableViewCell.swift; sourceTree = "<group>"; };
		3A40F26728A5212600872C55 /* CustomTableViewCell.xib */ = {isa = PBXFileReference; lastKnownFileType = file.xib; path = CustomTableViewCell.xib; sourceTree = "<group>"; };
		3A40F27228A548BD00872C55 /* PokemonTests.xctest */ = {isa = PBXFileReference; explicitFileType = wrapper.cfbundle; includeInIndex = 0; path = PokemonTests.xctest; sourceTree = BUILT_PRODUCTS_DIR; };
		3A40F27428A548BD00872C55 /* PokemonTests.swift */ = {isa = PBXFileReference; lastKnownFileType = sourcecode.swift; path = PokemonTests.swift; sourceTree = "<group>"; };
		3A40F27E28A5491B00872C55 /* MainViewControllerTests.swift */ = {isa = PBXFileReference; lastKnownFileType = sourcecode.swift; path = MainViewControllerTests.swift; sourceTree = "<group>"; };
		3A40F28128A5514400872C55 /* MainViewModelTests.swift */ = {isa = PBXFileReference; lastKnownFileType = sourcecode.swift; path = MainViewModelTests.swift; sourceTree = "<group>"; };
		3A40F28728A5541B00872C55 /* ImageManagerTests.swift */ = {isa = PBXFileReference; lastKnownFileType = sourcecode.swift; path = ImageManagerTests.swift; sourceTree = "<group>"; };
		3A40F28928A571A900872C55 /* DetailsViewControllerTests.swift */ = {isa = PBXFileReference; lastKnownFileType = sourcecode.swift; path = DetailsViewControllerTests.swift; sourceTree = "<group>"; };
		3A40F28B28A572F200872C55 /* Moves.swift */ = {isa = PBXFileReference; lastKnownFileType = sourcecode.swift; path = Moves.swift; sourceTree = "<group>"; };
		3A40F28E28A5834D00872C55 /* PokemonDataProviderTests.swift */ = {isa = PBXFileReference; lastKnownFileType = sourcecode.swift; path = PokemonDataProviderTests.swift; sourceTree = "<group>"; };
		3A40F29028A5854F00872C55 /* Stats.swift */ = {isa = PBXFileReference; lastKnownFileType = sourcecode.swift; path = Stats.swift; sourceTree = "<group>"; };
		3A9505B628A3AC10002240D5 /* Sprites.swift */ = {isa = PBXFileReference; lastKnownFileType = sourcecode.swift; path = Sprites.swift; sourceTree = "<group>"; };
		3A9505B828A3ACC7002240D5 /* Other.swift */ = {isa = PBXFileReference; lastKnownFileType = sourcecode.swift; path = Other.swift; sourceTree = "<group>"; };
		5DF8BC5B3FF04463AABD22F2 /* Pods-Pokemon.debug.xcconfig */ = {isa = PBXFileReference; includeInIndex = 1; lastKnownFileType = text.xcconfig; name = "Pods-Pokemon.debug.xcconfig"; path = "Target Support Files/Pods-Pokemon/Pods-Pokemon.debug.xcconfig"; sourceTree = "<group>"; };
		A35385C42A35EBC03E5C0813 /* Pods_PokemonTests.framework */ = {isa = PBXFileReference; explicitFileType = wrapper.framework; includeInIndex = 0; path = Pods_PokemonTests.framework; sourceTree = BUILT_PRODUCTS_DIR; };
		AFCAFBC51FEF4C050AC76F5A /* Pods-PokemonTests.debug.xcconfig */ = {isa = PBXFileReference; includeInIndex = 1; lastKnownFileType = text.xcconfig; name = "Pods-PokemonTests.debug.xcconfig"; path = "Target Support Files/Pods-PokemonTests/Pods-PokemonTests.debug.xcconfig"; sourceTree = "<group>"; };
		E6C7577CEE7159E98E7846CD /* Pods-Pokemon.release.xcconfig */ = {isa = PBXFileReference; includeInIndex = 1; lastKnownFileType = text.xcconfig; name = "Pods-Pokemon.release.xcconfig"; path = "Target Support Files/Pods-Pokemon/Pods-Pokemon.release.xcconfig"; sourceTree = "<group>"; };
		EDABC0B8AD52007FBB92FE54 /* Pods_Pokemon.framework */ = {isa = PBXFileReference; explicitFileType = wrapper.framework; includeInIndex = 0; path = Pods_Pokemon.framework; sourceTree = BUILT_PRODUCTS_DIR; };
/* End PBXFileReference section */

/* Begin PBXFrameworksBuildPhase section */
		3A40F20C28A2DAE800872C55 /* Frameworks */ = {
			isa = PBXFrameworksBuildPhase;
			buildActionMask = 2147483647;
			files = (
				154E032CD4C91A15010DAF9D /* Pods_Pokemon.framework in Frameworks */,
			);
			runOnlyForDeploymentPostprocessing = 0;
		};
		3A40F26F28A548BD00872C55 /* Frameworks */ = {
			isa = PBXFrameworksBuildPhase;
			buildActionMask = 2147483647;
			files = (
				5B55CD19C8A1484BE57FF55F /* Pods_PokemonTests.framework in Frameworks */,
			);
			runOnlyForDeploymentPostprocessing = 0;
		};
/* End PBXFrameworksBuildPhase section */

/* Begin PBXGroup section */
		3A40F20628A2DAE800872C55 = {
			isa = PBXGroup;
			children = (
				3A40F21128A2DAE800872C55 /* Pokemon */,
				3A40F27328A548BD00872C55 /* PokemonTests */,
				3A40F21028A2DAE800872C55 /* Products */,
				C7B5B1156935282D17BBADC9 /* Pods */,
				B6611D01F7FA4CC1B90D4A1C /* Frameworks */,
			);
			sourceTree = "<group>";
		};
		3A40F21028A2DAE800872C55 /* Products */ = {
			isa = PBXGroup;
			children = (
				3A40F20F28A2DAE800872C55 /* Pokemon.app */,
				3A40F27228A548BD00872C55 /* PokemonTests.xctest */,
			);
			name = Products;
			sourceTree = "<group>";
		};
		3A40F21128A2DAE800872C55 /* Pokemon */ = {
			isa = PBXGroup;
			children = (
				3A40F26128A4FD9A00872C55 /* CustomViews */,
				3A40F22628A2DF5800872C55 /* Main */,
				3A40F25128A4144E00872C55 /* Details */,
				3A40F22B28A30E2E00872C55 /* Utilities */,
				3A40F23228A30EF800872C55 /* Domain */,
				3A40F23628A30F4500872C55 /* Infraestructure */,
				3A40F21228A2DAE800872C55 /* AppDelegate.swift */,
				3A40F21428A2DAE800872C55 /* SceneDelegate.swift */,
				3A40F21828A2DAE800872C55 /* Main.storyboard */,
				3A40F21B28A2DAE900872C55 /* Assets.xcassets */,
				3A40F21D28A2DAE900872C55 /* LaunchScreen.storyboard */,
				3A40F22028A2DAE900872C55 /* Info.plist */,
			);
			path = Pokemon;
			sourceTree = "<group>";
		};
		3A40F22628A2DF5800872C55 /* Main */ = {
			isa = PBXGroup;
			children = (
				3A40F22828A2DF6B00872C55 /* MainViewModel */,
				3A40F22728A2DF6500872C55 /* MainViewController */,
			);
			path = Main;
			sourceTree = "<group>";
		};
		3A40F22728A2DF6500872C55 /* MainViewController */ = {
			isa = PBXGroup;
			children = (
				3A40F21628A2DAE800872C55 /* MainViewController.swift */,
			);
			path = MainViewController;
			sourceTree = "<group>";
		};
		3A40F22828A2DF6B00872C55 /* MainViewModel */ = {
			isa = PBXGroup;
			children = (
				3A40F22928A2DF7C00872C55 /* MainViewModel.swift */,
			);
			path = MainViewModel;
			sourceTree = "<group>";
		};
		3A40F22B28A30E2E00872C55 /* Utilities */ = {
			isa = PBXGroup;
			children = (
				3A40F22C28A30E3B00872C55 /* Strings.swift */,
				3A40F22E28A30EC500872C55 /* ThreadHandler.swift */,
				3A40F23028A30EE700872C55 /* Array+Extensions.swift */,
				3A40F25B28A42C5200872C55 /* ImageManager.swift */,
			);
			path = Utilities;
			sourceTree = "<group>";
		};
		3A40F23228A30EF800872C55 /* Domain */ = {
			isa = PBXGroup;
			children = (
				3A40F23528A30F1700872C55 /* Model */,
				3A40F23428A30F0A00872C55 /* Repository */,
				3A40F23328A30F0100872C55 /* UseCase */,
				3A40F24728A31BFE00872C55 /* DomainDependenciesInjector.swift */,
			);
			path = Domain;
			sourceTree = "<group>";
		};
		3A40F23328A30F0100872C55 /* UseCase */ = {
			isa = PBXGroup;
			children = (
				3A40F24328A31A5400872C55 /* GetPokemonUseCase.swift */,
			);
			path = UseCase;
			sourceTree = "<group>";
		};
		3A40F23428A30F0A00872C55 /* Repository */ = {
			isa = PBXGroup;
			children = (
				3A40F24128A319E400872C55 /* DomainPokemonRepository.swift */,
			);
			path = Repository;
			sourceTree = "<group>";
		};
		3A40F23528A30F1700872C55 /* Model */ = {
			isa = PBXGroup;
			children = (
				3A40F23F28A3187900872C55 /* Pokemon.swift */,
				3A9505B628A3AC10002240D5 /* Sprites.swift */,
				3A9505B828A3ACC7002240D5 /* Other.swift */,
				3A40F25D28A45D2900872C55 /* Types.swift */,
				3A40F25F28A4690300872C55 /* Abilities.swift */,
				3A40F28B28A572F200872C55 /* Moves.swift */,
				3A40F29028A5854F00872C55 /* Stats.swift */,
			);
			path = Model;
			sourceTree = "<group>";
		};
		3A40F23628A30F4500872C55 /* Infraestructure */ = {
			isa = PBXGroup;
			children = (
				3A40F23A28A30F6600872C55 /* Repository */,
				3A40F23928A30F5E00872C55 /* DataProvider */,
				3A40F23828A30F5800872C55 /* Model */,
				3A40F23728A30F5100872C55 /* Mapper */,
				3A40F24928A31C6C00872C55 /* InfrastructureDependenciesInjector.swift */,
			);
			path = Infraestructure;
			sourceTree = "<group>";
		};
		3A40F23728A30F5100872C55 /* Mapper */ = {
			isa = PBXGroup;
			children = (
				3A40F24F28A321D800872C55 /* PokemonMapper.swift */,
			);
			path = Mapper;
			sourceTree = "<group>";
		};
		3A40F23828A30F5800872C55 /* Model */ = {
			isa = PBXGroup;
			children = (
				3A40F23B28A30FC800872C55 /* PokemonResponse.swift */,
			);
			path = Model;
			sourceTree = "<group>";
		};
		3A40F23928A30F5E00872C55 /* DataProvider */ = {
			isa = PBXGroup;
			children = (
				3A40F24B28A31CE600872C55 /* PokemonDataProvider.swift */,
			);
			path = DataProvider;
			sourceTree = "<group>";
		};
		3A40F23A28A30F6600872C55 /* Repository */ = {
			isa = PBXGroup;
			children = (
				3A40F24D28A31FE500872C55 /* InfraestructurePokemonRepository.swift */,
			);
			path = Repository;
			sourceTree = "<group>";
		};
		3A40F25128A4144E00872C55 /* Details */ = {
			isa = PBXGroup;
			children = (
				3A40F25328A4147100872C55 /* ViewModel */,
				3A40F25228A4146000872C55 /* ViewController */,
				3A40F25828A4274F00872C55 /* DataSource */,
			);
			path = Details;
			sourceTree = "<group>";
		};
		3A40F25228A4146000872C55 /* ViewController */ = {
			isa = PBXGroup;
			children = (
				3A40F25428A4148200872C55 /* DetailsViewController.swift */,
			);
			path = ViewController;
			sourceTree = "<group>";
		};
		3A40F25328A4147100872C55 /* ViewModel */ = {
			isa = PBXGroup;
			children = (
				3A40F25628A4148D00872C55 /* DetailsViewModel.swift */,
			);
			path = ViewModel;
			sourceTree = "<group>";
		};
		3A40F25828A4274F00872C55 /* DataSource */ = {
			isa = PBXGroup;
			children = (
				3A40F25928A4275F00872C55 /* DetailsDataSource.swift */,
			);
			path = DataSource;
			sourceTree = "<group>";
		};
		3A40F26128A4FD9A00872C55 /* CustomViews */ = {
			isa = PBXGroup;
			children = (
				3A40F26228A4FE3900872C55 /* SectionHeaderView.swift */,
				3A40F26428A4FE5500872C55 /* SectionHeaderView.xib */,
				3A40F26628A5212600872C55 /* CustomTableViewCell.swift */,
				3A40F26728A5212600872C55 /* CustomTableViewCell.xib */,
			);
			path = CustomViews;
			sourceTree = "<group>";
		};
		3A40F27328A548BD00872C55 /* PokemonTests */ = {
			isa = PBXGroup;
			children = (
				3A40F28D28A5833300872C55 /* DataProvider */,
				3A40F28628A5540A00872C55 /* ImageManager */,
				3A40F28028A5512D00872C55 /* ViewModelTests */,
				3A40F27B28A548E600872C55 /* ViewControllerTests */,
				3A40F27428A548BD00872C55 /* PokemonTests.swift */,
			);
			path = PokemonTests;
			sourceTree = "<group>";
		};
		3A40F27B28A548E600872C55 /* ViewControllerTests */ = {
			isa = PBXGroup;
			children = (
				3A40F27E28A5491B00872C55 /* MainViewControllerTests.swift */,
				3A40F28928A571A900872C55 /* DetailsViewControllerTests.swift */,
			);
			path = ViewControllerTests;
			sourceTree = "<group>";
		};
		3A40F28028A5512D00872C55 /* ViewModelTests */ = {
			isa = PBXGroup;
			children = (
				3A40F28128A5514400872C55 /* MainViewModelTests.swift */,
			);
			path = ViewModelTests;
			sourceTree = "<group>";
		};
		3A40F28628A5540A00872C55 /* ImageManager */ = {
			isa = PBXGroup;
			children = (
				3A40F28728A5541B00872C55 /* ImageManagerTests.swift */,
			);
			path = ImageManager;
			sourceTree = "<group>";
		};
		3A40F28D28A5833300872C55 /* DataProvider */ = {
			isa = PBXGroup;
			children = (
				3A40F28E28A5834D00872C55 /* PokemonDataProviderTests.swift */,
			);
			path = DataProvider;
			sourceTree = "<group>";
		};
		B6611D01F7FA4CC1B90D4A1C /* Frameworks */ = {
			isa = PBXGroup;
			children = (
				EDABC0B8AD52007FBB92FE54 /* Pods_Pokemon.framework */,
				A35385C42A35EBC03E5C0813 /* Pods_PokemonTests.framework */,
			);
			name = Frameworks;
			sourceTree = "<group>";
		};
		C7B5B1156935282D17BBADC9 /* Pods */ = {
			isa = PBXGroup;
			children = (
				5DF8BC5B3FF04463AABD22F2 /* Pods-Pokemon.debug.xcconfig */,
				E6C7577CEE7159E98E7846CD /* Pods-Pokemon.release.xcconfig */,
				AFCAFBC51FEF4C050AC76F5A /* Pods-PokemonTests.debug.xcconfig */,
				39B3D4677BECF5EBA880DD99 /* Pods-PokemonTests.release.xcconfig */,
			);
			path = Pods;
			sourceTree = "<group>";
		};
/* End PBXGroup section */

/* Begin PBXNativeTarget section */
		3A40F20E28A2DAE800872C55 /* Pokemon */ = {
			isa = PBXNativeTarget;
			buildConfigurationList = 3A40F22328A2DAE900872C55 /* Build configuration list for PBXNativeTarget "Pokemon" */;
			buildPhases = (
				28DEEA1D491B62F334834CE0 /* [CP] Check Pods Manifest.lock */,
				3A40F20B28A2DAE800872C55 /* Sources */,
				3A40F20C28A2DAE800872C55 /* Frameworks */,
				3A40F20D28A2DAE800872C55 /* Resources */,
				7B74E05BA4DBB3C7F43E526E /* [CP] Embed Pods Frameworks */,
			);
			buildRules = (
			);
			dependencies = (
			);
			name = Pokemon;
			productName = Pokemon;
			productReference = 3A40F20F28A2DAE800872C55 /* Pokemon.app */;
			productType = "com.apple.product-type.application";
		};
		3A40F27128A548BD00872C55 /* PokemonTests */ = {
			isa = PBXNativeTarget;
			buildConfigurationList = 3A40F27828A548BD00872C55 /* Build configuration list for PBXNativeTarget "PokemonTests" */;
			buildPhases = (
				64C5FD9AA3FEA076F5AE234F /* [CP] Check Pods Manifest.lock */,
				3A40F26E28A548BD00872C55 /* Sources */,
				3A40F26F28A548BD00872C55 /* Frameworks */,
				3A40F27028A548BD00872C55 /* Resources */,
				A5911682B5CDF139E179F40B /* [CP] Embed Pods Frameworks */,
			);
			buildRules = (
			);
			dependencies = (
				3A40F27728A548BD00872C55 /* PBXTargetDependency */,
			);
			name = PokemonTests;
			productName = PokemonTests;
			productReference = 3A40F27228A548BD00872C55 /* PokemonTests.xctest */;
			productType = "com.apple.product-type.bundle.unit-test";
		};
/* End PBXNativeTarget section */

/* Begin PBXProject section */
		3A40F20728A2DAE800872C55 /* Project object */ = {
			isa = PBXProject;
			attributes = {
				BuildIndependentTargetsInParallel = 1;
				LastSwiftUpdateCheck = 1340;
				LastUpgradeCheck = 1340;
				TargetAttributes = {
					3A40F20E28A2DAE800872C55 = {
						CreatedOnToolsVersion = 13.4.1;
					};
					3A40F27128A548BD00872C55 = {
						CreatedOnToolsVersion = 13.4.1;
						TestTargetID = 3A40F20E28A2DAE800872C55;
					};
				};
			};
			buildConfigurationList = 3A40F20A28A2DAE800872C55 /* Build configuration list for PBXProject "Pokemon" */;
			compatibilityVersion = "Xcode 13.0";
			developmentRegion = en;
			hasScannedForEncodings = 0;
			knownRegions = (
				en,
				Base,
			);
			mainGroup = 3A40F20628A2DAE800872C55;
			productRefGroup = 3A40F21028A2DAE800872C55 /* Products */;
			projectDirPath = "";
			projectRoot = "";
			targets = (
				3A40F20E28A2DAE800872C55 /* Pokemon */,
				3A40F27128A548BD00872C55 /* PokemonTests */,
			);
		};
/* End PBXProject section */

/* Begin PBXResourcesBuildPhase section */
		3A40F20D28A2DAE800872C55 /* Resources */ = {
			isa = PBXResourcesBuildPhase;
			buildActionMask = 2147483647;
			files = (
				3A40F26528A4FE5500872C55 /* SectionHeaderView.xib in Resources */,
				3A40F21F28A2DAE900872C55 /* LaunchScreen.storyboard in Resources */,
				3A40F21C28A2DAE900872C55 /* Assets.xcassets in Resources */,
				3A40F26928A5212600872C55 /* CustomTableViewCell.xib in Resources */,
				3A40F21A28A2DAE800872C55 /* Main.storyboard in Resources */,
			);
			runOnlyForDeploymentPostprocessing = 0;
		};
		3A40F27028A548BD00872C55 /* Resources */ = {
			isa = PBXResourcesBuildPhase;
			buildActionMask = 2147483647;
			files = (
			);
			runOnlyForDeploymentPostprocessing = 0;
		};
/* End PBXResourcesBuildPhase section */

/* Begin PBXShellScriptBuildPhase section */
		28DEEA1D491B62F334834CE0 /* [CP] Check Pods Manifest.lock */ = {
			isa = PBXShellScriptBuildPhase;
			buildActionMask = 2147483647;
			files = (
			);
			inputFileListPaths = (
			);
			inputPaths = (
				"${PODS_PODFILE_DIR_PATH}/Podfile.lock",
				"${PODS_ROOT}/Manifest.lock",
			);
			name = "[CP] Check Pods Manifest.lock";
			outputFileListPaths = (
			);
			outputPaths = (
				"$(DERIVED_FILE_DIR)/Pods-Pokemon-checkManifestLockResult.txt",
			);
			runOnlyForDeploymentPostprocessing = 0;
			shellPath = /bin/sh;
			shellScript = "diff \"${PODS_PODFILE_DIR_PATH}/Podfile.lock\" \"${PODS_ROOT}/Manifest.lock\" > /dev/null\nif [ $? != 0 ] ; then\n    # print error to STDERR\n    echo \"error: The sandbox is not in sync with the Podfile.lock. Run 'pod install' or update your CocoaPods installation.\" >&2\n    exit 1\nfi\n# This output is used by Xcode 'outputs' to avoid re-running this script phase.\necho \"SUCCESS\" > \"${SCRIPT_OUTPUT_FILE_0}\"\n";
			showEnvVarsInLog = 0;
		};
		64C5FD9AA3FEA076F5AE234F /* [CP] Check Pods Manifest.lock */ = {
			isa = PBXShellScriptBuildPhase;
			buildActionMask = 2147483647;
			files = (
			);
			inputFileListPaths = (
			);
			inputPaths = (
				"${PODS_PODFILE_DIR_PATH}/Podfile.lock",
				"${PODS_ROOT}/Manifest.lock",
			);
			name = "[CP] Check Pods Manifest.lock";
			outputFileListPaths = (
			);
			outputPaths = (
				"$(DERIVED_FILE_DIR)/Pods-PokemonTests-checkManifestLockResult.txt",
			);
			runOnlyForDeploymentPostprocessing = 0;
			shellPath = /bin/sh;
			shellScript = "diff \"${PODS_PODFILE_DIR_PATH}/Podfile.lock\" \"${PODS_ROOT}/Manifest.lock\" > /dev/null\nif [ $? != 0 ] ; then\n    # print error to STDERR\n    echo \"error: The sandbox is not in sync with the Podfile.lock. Run 'pod install' or update your CocoaPods installation.\" >&2\n    exit 1\nfi\n# This output is used by Xcode 'outputs' to avoid re-running this script phase.\necho \"SUCCESS\" > \"${SCRIPT_OUTPUT_FILE_0}\"\n";
			showEnvVarsInLog = 0;
		};
		7B74E05BA4DBB3C7F43E526E /* [CP] Embed Pods Frameworks */ = {
			isa = PBXShellScriptBuildPhase;
			buildActionMask = 2147483647;
			files = (
			);
			inputFileListPaths = (
				"${PODS_ROOT}/Target Support Files/Pods-Pokemon/Pods-Pokemon-frameworks-${CONFIGURATION}-input-files.xcfilelist",
			);
			name = "[CP] Embed Pods Frameworks";
			outputFileListPaths = (
				"${PODS_ROOT}/Target Support Files/Pods-Pokemon/Pods-Pokemon-frameworks-${CONFIGURATION}-output-files.xcfilelist",
			);
			runOnlyForDeploymentPostprocessing = 0;
			shellPath = /bin/sh;
			shellScript = "\"${PODS_ROOT}/Target Support Files/Pods-Pokemon/Pods-Pokemon-frameworks.sh\"\n";
			showEnvVarsInLog = 0;
		};
		A5911682B5CDF139E179F40B /* [CP] Embed Pods Frameworks */ = {
			isa = PBXShellScriptBuildPhase;
			buildActionMask = 2147483647;
			files = (
			);
			inputFileListPaths = (
				"${PODS_ROOT}/Target Support Files/Pods-PokemonTests/Pods-PokemonTests-frameworks-${CONFIGURATION}-input-files.xcfilelist",
			);
			name = "[CP] Embed Pods Frameworks";
			outputFileListPaths = (
				"${PODS_ROOT}/Target Support Files/Pods-PokemonTests/Pods-PokemonTests-frameworks-${CONFIGURATION}-output-files.xcfilelist",
			);
			runOnlyForDeploymentPostprocessing = 0;
			shellPath = /bin/sh;
			shellScript = "\"${PODS_ROOT}/Target Support Files/Pods-PokemonTests/Pods-PokemonTests-frameworks.sh\"\n";
			showEnvVarsInLog = 0;
		};
/* End PBXShellScriptBuildPhase section */

/* Begin PBXSourcesBuildPhase section */
		3A40F20B28A2DAE800872C55 /* Sources */ = {
			isa = PBXSourcesBuildPhase;
			buildActionMask = 2147483647;
			files = (
				3A40F23C28A30FC800872C55 /* PokemonResponse.swift in Sources */,
				3A40F22F28A30EC500872C55 /* ThreadHandler.swift in Sources */,
				3A40F24C28A31CE600872C55 /* PokemonDataProvider.swift in Sources */,
				3A40F25A28A4275F00872C55 /* DetailsDataSource.swift in Sources */,
				3A40F21728A2DAE800872C55 /* MainViewController.swift in Sources */,
				3A40F21328A2DAE800872C55 /* AppDelegate.swift in Sources */,
				3A40F23128A30EE700872C55 /* Array+Extensions.swift in Sources */,
				3A9505B928A3ACC7002240D5 /* Other.swift in Sources */,
				3A40F26028A4690300872C55 /* Abilities.swift in Sources */,
				3A40F25728A4148D00872C55 /* DetailsViewModel.swift in Sources */,
				3A40F24028A3187900872C55 /* Pokemon.swift in Sources */,
				3A40F22D28A30E3B00872C55 /* Strings.swift in Sources */,
				3A40F26828A5212600872C55 /* CustomTableViewCell.swift in Sources */,
				3A9505B728A3AC10002240D5 /* Sprites.swift in Sources */,
				3A40F25E28A45D2900872C55 /* Types.swift in Sources */,
				3A40F22A28A2DF7C00872C55 /* MainViewModel.swift in Sources */,
				3A40F24828A31BFE00872C55 /* DomainDependenciesInjector.swift in Sources */,
				3A40F29128A5854F00872C55 /* Stats.swift in Sources */,
				3A40F24428A31A5400872C55 /* GetPokemonUseCase.swift in Sources */,
				3A40F25528A4148200872C55 /* DetailsViewController.swift in Sources */,
				3A40F24E28A31FE500872C55 /* InfraestructurePokemonRepository.swift in Sources */,
				3A40F24A28A31C6C00872C55 /* InfrastructureDependenciesInjector.swift in Sources */,
				3A40F25C28A42C5200872C55 /* ImageManager.swift in Sources */,
				3A40F21528A2DAE800872C55 /* SceneDelegate.swift in Sources */,
				3A40F28C28A572F200872C55 /* Moves.swift in Sources */,
				3A40F26328A4FE3900872C55 /* SectionHeaderView.swift in Sources */,
				3A40F25028A321D800872C55 /* PokemonMapper.swift in Sources */,
				3A40F24228A319E400872C55 /* DomainPokemonRepository.swift in Sources */,
			);
			runOnlyForDeploymentPostprocessing = 0;
		};
		3A40F26E28A548BD00872C55 /* Sources */ = {
			isa = PBXSourcesBuildPhase;
			buildActionMask = 2147483647;
			files = (
				3A40F28228A5514400872C55 /* MainViewModelTests.swift in Sources */,
				3A40F28A28A571A900872C55 /* DetailsViewControllerTests.swift in Sources */,
				3A40F27528A548BD00872C55 /* PokemonTests.swift in Sources */,
				3A40F27F28A5491B00872C55 /* MainViewControllerTests.swift in Sources */,
				3A40F28F28A5834D00872C55 /* PokemonDataProviderTests.swift in Sources */,
				3A40F28828A5541C00872C55 /* ImageManagerTests.swift in Sources */,
			);
			runOnlyForDeploymentPostprocessing = 0;
		};
/* End PBXSourcesBuildPhase section */

/* Begin PBXTargetDependency section */
		3A40F27728A548BD00872C55 /* PBXTargetDependency */ = {
			isa = PBXTargetDependency;
			target = 3A40F20E28A2DAE800872C55 /* Pokemon */;
			targetProxy = 3A40F27628A548BD00872C55 /* PBXContainerItemProxy */;
		};
/* End PBXTargetDependency section */

/* Begin PBXVariantGroup section */
		3A40F21828A2DAE800872C55 /* Main.storyboard */ = {
			isa = PBXVariantGroup;
			children = (
				3A40F21928A2DAE800872C55 /* Base */,
			);
			name = Main.storyboard;
			sourceTree = "<group>";
		};
		3A40F21D28A2DAE900872C55 /* LaunchScreen.storyboard */ = {
			isa = PBXVariantGroup;
			children = (
				3A40F21E28A2DAE900872C55 /* Base */,
			);
			name = LaunchScreen.storyboard;
			sourceTree = "<group>";
		};
/* End PBXVariantGroup section */

/* Begin XCBuildConfiguration section */
		3A40F22128A2DAE900872C55 /* Debug */ = {
			isa = XCBuildConfiguration;
			buildSettings = {
				ALWAYS_SEARCH_USER_PATHS = NO;
				CLANG_ANALYZER_NONNULL = YES;
				CLANG_ANALYZER_NUMBER_OBJECT_CONVERSION = YES_AGGRESSIVE;
				CLANG_CXX_LANGUAGE_STANDARD = "gnu++17";
				CLANG_ENABLE_MODULES = YES;
				CLANG_ENABLE_OBJC_ARC = YES;
				CLANG_ENABLE_OBJC_WEAK = YES;
				CLANG_WARN_BLOCK_CAPTURE_AUTORELEASING = YES;
				CLANG_WARN_BOOL_CONVERSION = YES;
				CLANG_WARN_COMMA = YES;
				CLANG_WARN_CONSTANT_CONVERSION = YES;
				CLANG_WARN_DEPRECATED_OBJC_IMPLEMENTATIONS = YES;
				CLANG_WARN_DIRECT_OBJC_ISA_USAGE = YES_ERROR;
				CLANG_WARN_DOCUMENTATION_COMMENTS = YES;
				CLANG_WARN_EMPTY_BODY = YES;
				CLANG_WARN_ENUM_CONVERSION = YES;
				CLANG_WARN_INFINITE_RECURSION = YES;
				CLANG_WARN_INT_CONVERSION = YES;
				CLANG_WARN_NON_LITERAL_NULL_CONVERSION = YES;
				CLANG_WARN_OBJC_IMPLICIT_RETAIN_SELF = YES;
				CLANG_WARN_OBJC_LITERAL_CONVERSION = YES;
				CLANG_WARN_OBJC_ROOT_CLASS = YES_ERROR;
				CLANG_WARN_QUOTED_INCLUDE_IN_FRAMEWORK_HEADER = YES;
				CLANG_WARN_RANGE_LOOP_ANALYSIS = YES;
				CLANG_WARN_STRICT_PROTOTYPES = YES;
				CLANG_WARN_SUSPICIOUS_MOVE = YES;
				CLANG_WARN_UNGUARDED_AVAILABILITY = YES_AGGRESSIVE;
				CLANG_WARN_UNREACHABLE_CODE = YES;
				CLANG_WARN__DUPLICATE_METHOD_MATCH = YES;
				COPY_PHASE_STRIP = NO;
				DEBUG_INFORMATION_FORMAT = dwarf;
				ENABLE_STRICT_OBJC_MSGSEND = YES;
				ENABLE_TESTABILITY = YES;
				GCC_C_LANGUAGE_STANDARD = gnu11;
				GCC_DYNAMIC_NO_PIC = NO;
				GCC_NO_COMMON_BLOCKS = YES;
				GCC_OPTIMIZATION_LEVEL = 0;
				GCC_PREPROCESSOR_DEFINITIONS = (
					"DEBUG=1",
					"$(inherited)",
				);
				GCC_WARN_64_TO_32_BIT_CONVERSION = YES;
				GCC_WARN_ABOUT_RETURN_TYPE = YES_ERROR;
				GCC_WARN_UNDECLARED_SELECTOR = YES;
				GCC_WARN_UNINITIALIZED_AUTOS = YES_AGGRESSIVE;
				GCC_WARN_UNUSED_FUNCTION = YES;
				GCC_WARN_UNUSED_VARIABLE = YES;
				IPHONEOS_DEPLOYMENT_TARGET = 15.5;
				MTL_ENABLE_DEBUG_INFO = INCLUDE_SOURCE;
				MTL_FAST_MATH = YES;
				ONLY_ACTIVE_ARCH = YES;
				SDKROOT = iphoneos;
				SWIFT_ACTIVE_COMPILATION_CONDITIONS = DEBUG;
				SWIFT_OPTIMIZATION_LEVEL = "-Onone";
			};
			name = Debug;
		};
		3A40F22228A2DAE900872C55 /* Release */ = {
			isa = XCBuildConfiguration;
			buildSettings = {
				ALWAYS_SEARCH_USER_PATHS = NO;
				CLANG_ANALYZER_NONNULL = YES;
				CLANG_ANALYZER_NUMBER_OBJECT_CONVERSION = YES_AGGRESSIVE;
				CLANG_CXX_LANGUAGE_STANDARD = "gnu++17";
				CLANG_ENABLE_MODULES = YES;
				CLANG_ENABLE_OBJC_ARC = YES;
				CLANG_ENABLE_OBJC_WEAK = YES;
				CLANG_WARN_BLOCK_CAPTURE_AUTORELEASING = YES;
				CLANG_WARN_BOOL_CONVERSION = YES;
				CLANG_WARN_COMMA = YES;
				CLANG_WARN_CONSTANT_CONVERSION = YES;
				CLANG_WARN_DEPRECATED_OBJC_IMPLEMENTATIONS = YES;
				CLANG_WARN_DIRECT_OBJC_ISA_USAGE = YES_ERROR;
				CLANG_WARN_DOCUMENTATION_COMMENTS = YES;
				CLANG_WARN_EMPTY_BODY = YES;
				CLANG_WARN_ENUM_CONVERSION = YES;
				CLANG_WARN_INFINITE_RECURSION = YES;
				CLANG_WARN_INT_CONVERSION = YES;
				CLANG_WARN_NON_LITERAL_NULL_CONVERSION = YES;
				CLANG_WARN_OBJC_IMPLICIT_RETAIN_SELF = YES;
				CLANG_WARN_OBJC_LITERAL_CONVERSION = YES;
				CLANG_WARN_OBJC_ROOT_CLASS = YES_ERROR;
				CLANG_WARN_QUOTED_INCLUDE_IN_FRAMEWORK_HEADER = YES;
				CLANG_WARN_RANGE_LOOP_ANALYSIS = YES;
				CLANG_WARN_STRICT_PROTOTYPES = YES;
				CLANG_WARN_SUSPICIOUS_MOVE = YES;
				CLANG_WARN_UNGUARDED_AVAILABILITY = YES_AGGRESSIVE;
				CLANG_WARN_UNREACHABLE_CODE = YES;
				CLANG_WARN__DUPLICATE_METHOD_MATCH = YES;
				COPY_PHASE_STRIP = NO;
				DEBUG_INFORMATION_FORMAT = "dwarf-with-dsym";
				ENABLE_NS_ASSERTIONS = NO;
				ENABLE_STRICT_OBJC_MSGSEND = YES;
				GCC_C_LANGUAGE_STANDARD = gnu11;
				GCC_NO_COMMON_BLOCKS = YES;
				GCC_WARN_64_TO_32_BIT_CONVERSION = YES;
				GCC_WARN_ABOUT_RETURN_TYPE = YES_ERROR;
				GCC_WARN_UNDECLARED_SELECTOR = YES;
				GCC_WARN_UNINITIALIZED_AUTOS = YES_AGGRESSIVE;
				GCC_WARN_UNUSED_FUNCTION = YES;
				GCC_WARN_UNUSED_VARIABLE = YES;
				IPHONEOS_DEPLOYMENT_TARGET = 15.5;
				MTL_ENABLE_DEBUG_INFO = NO;
				MTL_FAST_MATH = YES;
				SDKROOT = iphoneos;
				SWIFT_COMPILATION_MODE = wholemodule;
				SWIFT_OPTIMIZATION_LEVEL = "-O";
				VALIDATE_PRODUCT = YES;
			};
			name = Release;
		};
		3A40F22428A2DAE900872C55 /* Debug */ = {
			isa = XCBuildConfiguration;
			baseConfigurationReference = 5DF8BC5B3FF04463AABD22F2 /* Pods-Pokemon.debug.xcconfig */;
			buildSettings = {
				ASSETCATALOG_COMPILER_APPICON_NAME = AppIcon;
				ASSETCATALOG_COMPILER_GLOBAL_ACCENT_COLOR_NAME = AccentColor;
				CODE_SIGN_STYLE = Automatic;
				CURRENT_PROJECT_VERSION = 1;
				GENERATE_INFOPLIST_FILE = YES;
				INFOPLIST_FILE = Pokemon/Info.plist;
				INFOPLIST_KEY_UIApplicationSupportsIndirectInputEvents = YES;
				INFOPLIST_KEY_UILaunchStoryboardName = LaunchScreen;
				INFOPLIST_KEY_UIMainStoryboardFile = Main;
				INFOPLIST_KEY_UISupportedInterfaceOrientations_iPad = "UIInterfaceOrientationPortrait UIInterfaceOrientationPortraitUpsideDown UIInterfaceOrientationLandscapeLeft UIInterfaceOrientationLandscapeRight";
				INFOPLIST_KEY_UISupportedInterfaceOrientations_iPhone = "UIInterfaceOrientationPortrait UIInterfaceOrientationLandscapeLeft UIInterfaceOrientationLandscapeRight";
				LD_RUNPATH_SEARCH_PATHS = (
					"$(inherited)",
					"@executable_path/Frameworks",
				);
				MARKETING_VERSION = 1.0;
				PRODUCT_BUNDLE_IDENTIFIER = Pokemon.Pokemon;
				PRODUCT_NAME = "$(TARGET_NAME)";
				SWIFT_EMIT_LOC_STRINGS = YES;
				SWIFT_VERSION = 5.0;
				TARGETED_DEVICE_FAMILY = "1,2";
			};
			name = Debug;
		};
		3A40F22528A2DAE900872C55 /* Release */ = {
			isa = XCBuildConfiguration;
			baseConfigurationReference = E6C7577CEE7159E98E7846CD /* Pods-Pokemon.release.xcconfig */;
			buildSettings = {
				ASSETCATALOG_COMPILER_APPICON_NAME = AppIcon;
				ASSETCATALOG_COMPILER_GLOBAL_ACCENT_COLOR_NAME = AccentColor;
				CODE_SIGN_STYLE = Automatic;
				CURRENT_PROJECT_VERSION = 1;
				GENERATE_INFOPLIST_FILE = YES;
				INFOPLIST_FILE = Pokemon/Info.plist;
				INFOPLIST_KEY_UIApplicationSupportsIndirectInputEvents = YES;
				INFOPLIST_KEY_UILaunchStoryboardName = LaunchScreen;
				INFOPLIST_KEY_UIMainStoryboardFile = Main;
				INFOPLIST_KEY_UISupportedInterfaceOrientations_iPad = "UIInterfaceOrientationPortrait UIInterfaceOrientationPortraitUpsideDown UIInterfaceOrientationLandscapeLeft UIInterfaceOrientationLandscapeRight";
				INFOPLIST_KEY_UISupportedInterfaceOrientations_iPhone = "UIInterfaceOrientationPortrait UIInterfaceOrientationLandscapeLeft UIInterfaceOrientationLandscapeRight";
				LD_RUNPATH_SEARCH_PATHS = (
					"$(inherited)",
					"@executable_path/Frameworks",
				);
				MARKETING_VERSION = 1.0;
				PRODUCT_BUNDLE_IDENTIFIER = Pokemon.Pokemon;
				PRODUCT_NAME = "$(TARGET_NAME)";
				SWIFT_EMIT_LOC_STRINGS = YES;
				SWIFT_VERSION = 5.0;
				TARGETED_DEVICE_FAMILY = "1,2";
			};
			name = Release;
		};
		3A40F27928A548BD00872C55 /* Debug */ = {
			isa = XCBuildConfiguration;
			baseConfigurationReference = AFCAFBC51FEF4C050AC76F5A /* Pods-PokemonTests.debug.xcconfig */;
			buildSettings = {
				BUNDLE_LOADER = "$(TEST_HOST)";
				CODE_SIGN_STYLE = Automatic;
				CURRENT_PROJECT_VERSION = 1;
				GENERATE_INFOPLIST_FILE = YES;
				MARKETING_VERSION = 1.0;
				PRODUCT_BUNDLE_IDENTIFIER = Pokemon.PokemonTests;
				PRODUCT_NAME = "$(TARGET_NAME)";
				SWIFT_EMIT_LOC_STRINGS = NO;
				SWIFT_VERSION = 5.0;
				TARGETED_DEVICE_FAMILY = "1,2";
				TEST_HOST = "$(BUILT_PRODUCTS_DIR)/Pokemon.app/Pokemon";
			};
			name = Debug;
		};
		3A40F27A28A548BD00872C55 /* Release */ = {
			isa = XCBuildConfiguration;
			baseConfigurationReference = 39B3D4677BECF5EBA880DD99 /* Pods-PokemonTests.release.xcconfig */;
			buildSettings = {
				BUNDLE_LOADER = "$(TEST_HOST)";
				CODE_SIGN_STYLE = Automatic;
				CURRENT_PROJECT_VERSION = 1;
				GENERATE_INFOPLIST_FILE = YES;
				MARKETING_VERSION = 1.0;
				PRODUCT_BUNDLE_IDENTIFIER = Pokemon.PokemonTests;
				PRODUCT_NAME = "$(TARGET_NAME)";
				SWIFT_EMIT_LOC_STRINGS = NO;
				SWIFT_VERSION = 5.0;
				TARGETED_DEVICE_FAMILY = "1,2";
				TEST_HOST = "$(BUILT_PRODUCTS_DIR)/Pokemon.app/Pokemon";
			};
			name = Release;
		};
/* End XCBuildConfiguration section */

/* Begin XCConfigurationList section */
		3A40F20A28A2DAE800872C55 /* Build configuration list for PBXProject "Pokemon" */ = {
			isa = XCConfigurationList;
			buildConfigurations = (
				3A40F22128A2DAE900872C55 /* Debug */,
				3A40F22228A2DAE900872C55 /* Release */,
			);
			defaultConfigurationIsVisible = 0;
			defaultConfigurationName = Release;
		};
		3A40F22328A2DAE900872C55 /* Build configuration list for PBXNativeTarget "Pokemon" */ = {
			isa = XCConfigurationList;
			buildConfigurations = (
				3A40F22428A2DAE900872C55 /* Debug */,
				3A40F22528A2DAE900872C55 /* Release */,
			);
			defaultConfigurationIsVisible = 0;
			defaultConfigurationName = Release;
		};
		3A40F27828A548BD00872C55 /* Build configuration list for PBXNativeTarget "PokemonTests" */ = {
			isa = XCConfigurationList;
			buildConfigurations = (
				3A40F27928A548BD00872C55 /* Debug */,
				3A40F27A28A548BD00872C55 /* Release */,
			);
			defaultConfigurationIsVisible = 0;
			defaultConfigurationName = Release;
		};
/* End XCConfigurationList section */
	};
	rootObject = 3A40F20728A2DAE800872C55 /* Project object */;
}
